
Microsoft Visual Studio Solution File, Format Version 12.00
# Visual Studio 14
VisualStudioVersion = 14.0.25123.0
MinimumVisualStudioVersion = 10.0.40219.1
Project("{FAE04EC0-301F-11D3-BF4B-00C04F79EFBC}") = "系统管理.客户端", "客户端\系统管理.客户端.csproj", "{69E7709B-5046-4ED4-ACF8-3F32DA40AAEC}"
EndProject
Project("{FAE04EC0-301F-11D3-BF4B-00C04F79EFBC}") = "系统管理.服务端", "服务端\系统管理.服务端.csproj", "{8D3BC870-186F-4241-9236-2FBD7C14795C}"
EndProject
Global
	GlobalSection(SolutionConfigurationPlatforms) = preSolution
		Debug|Any CPU = Debug|Any CPU
		Debug|Mixed Platforms = Debug|Mixed Platforms
		Debug|x86 = Debug|x86
		Release|Any CPU = Release|Any CPU
		Release|Mixed Platforms = Release|Mixed Platforms
		Release|x86 = Release|x86
	EndGlobalSection
	GlobalSection(ProjectConfigurationPlatforms) = postSolution
		{A4E74BBC-166A-49F1-A5EA-FBEE1626C9D1}.Debug|Any CPU.ActiveCfg = Debug|Any CPU
		{A4E74BBC-166A-49F1-A5EA-FBEE1626C9D1}.Debug|Any CPU.Build.0 = Debug|Any CPU
		{A4E74BBC-166A-49F1-A5EA-FBEE1626C9D1}.Debug|Mixed Platforms.ActiveCfg = Debug|Any CPU
		{A4E74BBC-166A-49F1-A5EA-FBEE1626C9D1}.Debug|Mixed Platforms.Build.0 = Debug|Any CPU
		{A4E74BBC-166A-49F1-A5EA-FBEE1626C9D1}.Debug|x86.ActiveCfg = Debug|Any CPU
		{A4E74BBC-166A-49F1-A5EA-FBEE1626C9D1}.Release|Any CPU.ActiveCfg = Release|Any CPU
		{A4E74BBC-166A-49F1-A5EA-FBEE1626C9D1}.Release|Any CPU.Build.0 = Release|Any CPU
		{A4E74BBC-166A-49F1-A5EA-FBEE1626C9D1}.Release|Mixed Platforms.ActiveCfg = Release|Any CPU
		{A4E74BBC-166A-49F1-A5EA-FBEE1626C9D1}.Release|Mixed Platforms.Build.0 = Release|Any CPU
		{A4E74BBC-166A-49F1-A5EA-FBEE1626C9D1}.Release|x86.ActiveCfg = Release|Any CPU
		{C56E903B-F745-4E12-A01B-90E915E04968}.Debug|Any CPU.ActiveCfg = Debug|Any CPU
		{C56E903B-F745-4E12-A01B-90E915E04968}.Debug|Any CPU.Build.0 = Debug|Any CPU
		{C56E903B-F745-4E12-A01B-90E915E04968}.Debug|Mixed Platforms.ActiveCfg = Debug|x86
		{C56E903B-F745-4E12-A01B-90E915E04968}.Debug|Mixed Platforms.Build.0 = Debug|x86
		{C56E903B-F745-4E12-A01B-90E915E04968}.Debug|x86.ActiveCfg = Debug|x86
		{C56E903B-F745-4E12-A01B-90E915E04968}.Debug|x86.Build.0 = Debug|x86
		{C56E903B-F745-4E12-A01B-90E915E04968}.Release|Any CPU.ActiveCfg = Release|Any CPU
		{C56E903B-F745-4E12-A01B-90E915E04968}.Release|Any CPU.Build.0 = Release|Any CPU
		{C56E903B-F745-4E12-A01B-90E915E04968}.Release|Mixed Platforms.ActiveCfg = Release|x86
		{C56E903B-F745-4E12-A01B-90E915E04968}.Release|Mixed Platforms.Build.0 = Release|x86
		{C56E903B-F745-4E12-A01B-90E915E04968}.Release|x86.ActiveCfg = Release|x86
		{C56E903B-F745-4E12-A01B-90E915E04968}.Release|x86.Build.0 = Release|x86
		{DB760314-2D19-492D-8E1C-63BE818E1404}.Debug|Any CPU.ActiveCfg = Debug|Any CPU
		{DB760314-2D19-492D-8E1C-63BE818E1404}.Debug|Any CPU.Build.0 = Debug|Any CPU
		{DB760314-2D19-492D-8E1C-63BE818E1404}.Debug|Mixed Platforms.ActiveCfg = Debug|Any CPU
		{DB760314-2D19-492D-8E1C-63BE818E1404}.Debug|Mixed Platforms.Build.0 = Debug|Any CPU
		{DB760314-2D19-492D-8E1C-63BE818E1404}.Debug|x86.ActiveCfg = Debug|Any CPU
		{DB760314-2D19-492D-8E1C-63BE818E1404}.Release|Any CPU.ActiveCfg = Release|Any CPU
		{DB760314-2D19-492D-8E1C-63BE818E1404}.Release|Any CPU.Build.0 = Release|Any CPU
		{DB760314-2D19-492D-8E1C-63BE818E1404}.Release|Mixed Platforms.ActiveCfg = Release|Any CPU
		{DB760314-2D19-492D-8E1C-63BE818E1404}.Release|Mixed Platforms.Build.0 = Release|Any CPU
		{DB760314-2D19-492D-8E1C-63BE818E1404}.Release|x86.ActiveCfg = Release|Any CPU
		{56D6CB6D-E9B9-4361-B487-CFB87B508653}.Debug|Any CPU.ActiveCfg = Debug|Any CPU
		{56D6CB6D-E9B9-4361-B487-CFB87B508653}.Debug|Any CPU.Build.0 = Debug|Any CPU
		{56D6CB6D-E9B9-4361-B487-CFB87B508653}.Debug|Mixed Platforms.ActiveCfg = Debug|Any CPU
		{56D6CB6D-E9B9-4361-B487-CFB87B508653}.Debug|Mixed Platforms.Build.0 = Debug|Any CPU
		{56D6CB6D-E9B9-4361-B487-CFB87B508653}.Debug|x86.ActiveCfg = Debug|Any CPU
		{56D6CB6D-E9B9-4361-B487-CFB87B508653}.Release|Any CPU.ActiveCfg = Release|Any CPU
		{56D6CB6D-E9B9-4361-B487-CFB87B508653}.Release|Any CPU.Build.0 = Release|Any CPU
		{56D6CB6D-E9B9-4361-B487-CFB87B508653}.Release|Mixed Platforms.ActiveCfg = Release|Any CPU
		{56D6CB6D-E9B9-4361-B487-CFB87B508653}.Release|Mixed Platforms.Build.0 = Release|Any CPU
		{56D6CB6D-E9B9-4361-B487-CFB87B508653}.Release|x86.ActiveCfg = Release|Any CPU
		{967F394C-945C-43DA-A08D-B9B2C15C9646}.Debug|Any CPU.ActiveCfg = Debug|Any CPU
		{967F394C-945C-43DA-A08D-B9B2C15C9646}.Debug|Any CPU.Build.0 = Debug|Any CPU
		{967F394C-945C-43DA-A08D-B9B2C15C9646}.Debug|Mixed Platforms.ActiveCfg = Debug|Any CPU
		{967F394C-945C-43DA-A08D-B9B2C15C9646}.Debug|Mixed Platforms.Build.0 = Debug|Any CPU
		{967F394C-945C-43DA-A08D-B9B2C15C9646}.Debug|x86.ActiveCfg = Debug|Any CPU
		{967F394C-945C-43DA-A08D-B9B2C15C9646}.Release|Any CPU.ActiveCfg = Release|Any CPU
		{967F394C-945C-43DA-A08D-B9B2C15C9646}.Release|Any CPU.Build.0 = Release|Any CPU
		{967F394C-945C-43DA-A08D-B9B2C15C9646}.Release|Mixed Platforms.ActiveCfg = Release|Any CPU
		{967F394C-945C-43DA-A08D-B9B2C15C9646}.Release|Mixed Platforms.Build.0 = Release|Any CPU
		{967F394C-945C-43DA-A08D-B9B2C15C9646}.Release|x86.ActiveCfg = Release|Any CPU
		{5728D75A-77BC-4944-8B12-6E501396A4D2}.Debug|Any CPU.ActiveCfg = Debug|Any CPU
		{5728D75A-77BC-4944-8B12-6E501396A4D2}.Debug|Any CPU.Build.0 = Debug|Any CPU
		{5728D75A-77BC-4944-8B12-6E501396A4D2}.Debug|Mixed Platforms.ActiveCfg = Debug|Any CPU
		{5728D75A-77BC-4944-8B12-6E501396A4D2}.Debug|Mixed Platforms.Build.0 = Debug|Any CPU
		{5728D75A-77BC-4944-8B12-6E501396A4D2}.Debug|x86.ActiveCfg = Debug|Any CPU
		{5728D75A-77BC-4944-8B12-6E501396A4D2}.Release|Any CPU.ActiveCfg = Release|Any CPU
		{5728D75A-77BC-4944-8B12-6E501396A4D2}.Release|Any CPU.Build.0 = Release|Any CPU
		{5728D75A-77BC-4944-8B12-6E501396A4D2}.Release|Mixed Platforms.ActiveCfg = Release|Any CPU
		{5728D75A-77BC-4944-8B12-6E501396A4D2}.Release|Mixed Platforms.Build.0 = Release|Any CPU
		{5728D75A-77BC-4944-8B12-6E501396A4D2}.Release|x86.ActiveCfg = Release|Any CPU
		{BB89C8DC-86CB-4FDA-8016-2DFF00A16448}.Debug|Any CPU.ActiveCfg = Debug|Any CPU
		{BB89C8DC-86CB-4FDA-8016-2DFF00A16448}.Debug|Any CPU.Build.0 = Debug|Any CPU
		{BB89C8DC-86CB-4FDA-8016-2DFF00A16448}.Debug|Mixed Platforms.ActiveCfg = Debug|Any CPU
		{BB89C8DC-86CB-4FDA-8016-2DFF00A16448}.Debug|Mixed Platforms.Build.0 = Debug|Any CPU
		{BB89C8DC-86CB-4FDA-8016-2DFF00A16448}.Debug|x86.ActiveCfg = Debug|Any CPU
		{BB89C8DC-86CB-4FDA-8016-2DFF00A16448}.Release|Any CPU.ActiveCfg = Release|Any CPU
		{BB89C8DC-86CB-4FDA-8016-2DFF00A16448}.Release|Any CPU.Build.0 = Release|Any CPU
		{BB89C8DC-86CB-4FDA-8016-2DFF00A16448}.Release|Mixed Platforms.ActiveCfg = Release|Any CPU
		{BB89C8DC-86CB-4FDA-8016-2DFF00A16448}.Release|Mixed Platforms.Build.0 = Release|Any CPU
		{BB89C8DC-86CB-4FDA-8016-2DFF00A16448}.Release|x86.ActiveCfg = Release|Any CPU
		{0CFB04AB-88C7-4E49-8B65-869DD246FB17}.Debug|Any CPU.ActiveCfg = Debug|Any CPU
		{0CFB04AB-88C7-4E49-8B65-869DD246FB17}.Debug|Any CPU.Build.0 = Debug|Any CPU
		{0CFB04AB-88C7-4E49-8B65-869DD246FB17}.Debug|Mixed Platforms.ActiveCfg = Debug|Any CPU
		{0CFB04AB-88C7-4E49-8B65-869DD246FB17}.Debug|Mixed Platforms.Build.0 = Debug|Any CPU
		{0CFB04AB-88C7-4E49-8B65-869DD246FB17}.Debug|x86.ActiveCfg = Debug|Any CPU
		{0CFB04AB-88C7-4E49-8B65-869DD246FB17}.Release|Any CPU.ActiveCfg = Release|Any CPU
		{0CFB04AB-88C7-4E49-8B65-869DD246FB17}.Release|Any CPU.Build.0 = Release|Any CPU
		{0CFB04AB-88C7-4E49-8B65-869DD246FB17}.Release|Mixed Platforms.ActiveCfg = Release|Any CPU
		{0CFB04AB-88C7-4E49-8B65-869DD246FB17}.Release|Mixed Platforms.Build.0 = Release|Any CPU
		{0CFB04AB-88C7-4E49-8B65-869DD246FB17}.Release|x86.ActiveCfg = Release|Any CPU
		{603DFE65-06AD-44FF-98D7-DAC04848AE05}.Debug|Any CPU.ActiveCfg = Debug|Any CPU
		{603DFE65-06AD-44FF-98D7-DAC04848AE05}.Debug|Any CPU.Build.0 = Debug|Any CPU
		{603DFE65-06AD-44FF-98D7-DAC04848AE05}.Debug|Mixed Platforms.ActiveCfg = Debug|Any CPU
		{603DFE65-06AD-44FF-98D7-DAC04848AE05}.Debug|Mixed Platforms.Build.0 = Debug|Any CPU
		{603DFE65-06AD-44FF-98D7-DAC04848AE05}.Debug|x86.ActiveCfg = Debug|Any CPU
		{603DFE65-06AD-44FF-98D7-DAC04848AE05}.Release|Any CPU.ActiveCfg = Release|Any CPU
		{603DFE65-06AD-44FF-98D7-DAC04848AE05}.Release|Any CPU.Build.0 = Release|Any CPU
		{603DFE65-06AD-44FF-98D7-DAC04848AE05}.Release|Mixed Platforms.ActiveCfg = Release|Any CPU
		{603DFE65-06AD-44FF-98D7-DAC04848AE05}.Release|Mixed Platforms.Build.0 = Release|Any CPU
		{603DFE65-06AD-44FF-98D7-DAC04848AE05}.Release|x86.ActiveCfg = Release|Any CPU
		{CF8410AA-ABC2-4357-8553-5108F63DA289}.Debug|Any CPU.ActiveCfg = Debug|Any CPU
		{CF8410AA-ABC2-4357-8553-5108F63DA289}.Debug|Any CPU.Build.0 = Debug|Any CPU
		{CF8410AA-ABC2-4357-8553-5108F63DA289}.Debug|Mixed Platforms.ActiveCfg = Debug|Any CPU
		{CF8410AA-ABC2-4357-8553-5108F63DA289}.Debug|Mixed Platforms.Build.0 = Debug|Any CPU
		{CF8410AA-ABC2-4357-8553-5108F63DA289}.Debug|x86.ActiveCfg = Debug|Any CPU
		{CF8410AA-ABC2-4357-8553-5108F63DA289}.Release|Any CPU.ActiveCfg = Release|Any CPU
		{CF8410AA-ABC2-4357-8553-5108F63DA289}.Release|Any CPU.Build.0 = Release|Any CPU
		{CF8410AA-ABC2-4357-8553-5108F63DA289}.Release|Mixed Platforms.ActiveCfg = Release|Any CPU
		{CF8410AA-ABC2-4357-8553-5108F63DA289}.Release|Mixed Platforms.Build.0 = Release|Any CPU
		{CF8410AA-ABC2-4357-8553-5108F63DA289}.Release|x86.ActiveCfg = Release|Any CPU
		{01110F3C-125E-4676-87E4-78024D4D11E6}.Debug|Any CPU.ActiveCfg = Debug|Any CPU
		{01110F3C-125E-4676-87E4-78024D4D11E6}.Debug|Any CPU.Build.0 = Debug|Any CPU
		{01110F3C-125E-4676-87E4-78024D4D11E6}.Debug|Mixed Platforms.ActiveCfg = Debug|x86
		{01110F3C-125E-4676-87E4-78024D4D11E6}.Debug|Mixed Platforms.Build.0 = Debug|x86
		{01110F3C-125E-4676-87E4-78024D4D11E6}.Debug|x86.ActiveCfg = Debug|x86
		{01110F3C-125E-4676-87E4-78024D4D11E6}.Debug|x86.Build.0 = Debug|x86
		{01110F3C-125E-4676-87E4-78024D4D11E6}.Release|Any CPU.ActiveCfg = Release|Any CPU
		{01110F3C-125E-4676-87E4-78024D4D11E6}.Release|Any CPU.Build.0 = Release|Any CPU
		{01110F3C-125E-4676-87E4-78024D4D11E6}.Release|Mixed Platforms.ActiveCfg = Release|x86
		{01110F3C-125E-4676-87E4-78024D4D11E6}.Release|Mixed Platforms.Build.0 = Release|x86
		{01110F3C-125E-4676-87E4-78024D4D11E6}.Release|x86.ActiveCfg = Release|x86
		{01110F3C-125E-4676-87E4-78024D4D11E6}.Release|x86.Build.0 = Release|x86
		{69E7709B-5046-4ED4-ACF8-3F32DA40AAEC}.Debug|Any CPU.ActiveCfg = Debug|Any CPU
		{69E7709B-5046-4ED4-ACF8-3F32DA40AAEC}.Debug|Any CPU.Build.0 = Debug|Any CPU
		{69E7709B-5046-4ED4-ACF8-3F32DA40AAEC}.Debug|Mixed Platforms.ActiveCfg = Debug|Any CPU
		{69E7709B-5046-4ED4-ACF8-3F32DA40AAEC}.Debug|Mixed Platforms.Build.0 = Debug|Any CPU
		{69E7709B-5046-4ED4-ACF8-3F32DA40AAEC}.Debug|x86.ActiveCfg = Debug|Any CPU
		{69E7709B-5046-4ED4-ACF8-3F32DA40AAEC}.Debug|x86.Build.0 = Debug|Any CPU
		{69E7709B-5046-4ED4-ACF8-3F32DA40AAEC}.Release|Any CPU.ActiveCfg = Release|Any CPU
		{69E7709B-5046-4ED4-ACF8-3F32DA40AAEC}.Release|Any CPU.Build.0 = Release|Any CPU
		{69E7709B-5046-4ED4-ACF8-3F32DA40AAEC}.Release|Mixed Platforms.ActiveCfg = Release|Any CPU
		{69E7709B-5046-4ED4-ACF8-3F32DA40AAEC}.Release|Mixed Platforms.Build.0 = Release|Any CPU
		{69E7709B-5046-4ED4-ACF8-3F32DA40AAEC}.Release|x86.ActiveCfg = Release|Any CPU
		{69E7709B-5046-4ED4-ACF8-3F32DA40AAEC}.Release|x86.Build.0 = Release|Any CPU
		{8D3BC870-186F-4241-9236-2FBD7C14795C}.Debug|Any CPU.ActiveCfg = Debug|Any CPU
		{8D3BC870-186F-4241-9236-2FBD7C14795C}.Debug|Any CPU.Build.0 = Debug|Any CPU
		{8D3BC870-186F-4241-9236-2FBD7C14795C}.Debug|Mixed Platforms.ActiveCfg = Debug|Any CPU
		{8D3BC870-186F-4241-9236-2FBD7C14795C}.Debug|Mixed Platforms.Build.0 = Debug|Any CPU
		{8D3BC870-186F-4241-9236-2FBD7C14795C}.Debug|x86.ActiveCfg = Debug|Any CPU
		{8D3BC870-186F-4241-9236-2FBD7C14795C}.Debug|x86.Build.0 = Debug|Any CPU
		{8D3BC870-186F-4241-9236-2FBD7C14795C}.Release|Any CPU.ActiveCfg = Release|Any CPU
		{8D3BC870-186F-4241-9236-2FBD7C14795C}.Release|Any CPU.Build.0 = Release|Any CPU
		{8D3BC870-186F-4241-9236-2FBD7C14795C}.Release|Mixed Platforms.ActiveCfg = Release|Any CPU
		{8D3BC870-186F-4241-9236-2FBD7C14795C}.Release|Mixed Platforms.Build.0 = Release|Any CPU
		{8D3BC870-186F-4241-9236-2FBD7C14795C}.Release|x86.ActiveCfg = Release|Any CPU
		{8D3BC870-186F-4241-9236-2FBD7C14795C}.Release|x86.Build.0 = Release|Any CPU
		{E9911952-4BD3-4250-B6B8-17FF7E48A6B4}.Debug|Any CPU.ActiveCfg = Debug|Any CPU
		{E9911952-4BD3-4250-B6B8-17FF7E48A6B4}.Debug|Any CPU.Build.0 = Debug|Any CPU
		{E9911952-4BD3-4250-B6B8-17FF7E48A6B4}.Debug|Mixed Platforms.ActiveCfg = Debug|Any CPU
		{E9911952-4BD3-4250-B6B8-17FF7E48A6B4}.Debug|Mixed Platforms.Build.0 = Debug|Any CPU
		{E9911952-4BD3-4250-B6B8-17FF7E48A6B4}.Debug|x86.ActiveCfg = Debug|Any CPU
		{E9911952-4BD3-4250-B6B8-17FF7E48A6B4}.Debug|x86.Build.0 = Debug|Any CPU
		{E9911952-4BD3-4250-B6B8-17FF7E48A6B4}.Release|Any CPU.ActiveCfg = Release|Any CPU
		{E9911952-4BD3-4250-B6B8-17FF7E48A6B4}.Release|Any CPU.Build.0 = Release|Any CPU
		{E9911952-4BD3-4250-B6B8-17FF7E48A6B4}.Release|Mixed Platforms.ActiveCfg = Release|Any CPU
		{E9911952-4BD3-4250-B6B8-17FF7E48A6B4}.Release|Mixed Platforms.Build.0 = Release|Any CPU
		{E9911952-4BD3-4250-B6B8-17FF7E48A6B4}.Release|x86.ActiveCfg = Release|Any CPU
		{E9911952-4BD3-4250-B6B8-17FF7E48A6B4}.Release|x86.Build.0 = Release|Any CPU
	EndGlobalSection
	GlobalSection(SolutionProperties) = preSolution
		HideSolutionNode = FALSE
	EndGlobalSection
	GlobalSection(NestedProjects) = preSolution
		{603DFE65-06AD-44FF-98D7-DAC04848AE05} = {7F8F2CAB-FF75-4A97-AFD1-30D8E15EDD4A}
		{CF8410AA-ABC2-4357-8553-5108F63DA289} = {7F8F2CAB-FF75-4A97-AFD1-30D8E15EDD4A}
		{69E7709B-5046-4ED4-ACF8-3F32DA40AAEC} = {ED05CE0D-F17D-49BC-9072-D5B851F1FB1A}
		{8D3BC870-186F-4241-9236-2FBD7C14795C} = {ED05CE0D-F17D-49BC-9072-D5B851F1FB1A}
		{E9911952-4BD3-4250-B6B8-17FF7E48A6B4} = {7F8F2CAB-FF75-4A97-AFD1-30D8E15EDD4A}
	EndGlobalSection
EndGlobal
